
Microsoft Visual Studio Solution File, Format Version 12.00
# Visual Studio Version 16
VisualStudioVersion = 16.0.29418.71
MinimumVisualStudioVersion = 10.0.40219.1
Project("{FAE04EC0-301F-11D3-BF4B-00C04F79EFBC}") = "OrganizationalFunctions", "OrganizationalFunctions\OrganizationalFunctions.csproj", "{71C0D20A-5D2E-48C7-9A36-163BC76E3AB2}"
EndProject
Project("{9A19103F-16F7-4668-BE54-9A1E7A4F7556}") = "NotificationService", "..\NotificationService\NotificationService\NotificationService.csproj", "{DACB6676-8223-4C7C-BF38-C49B51139F8F}"
EndProject
Project("{9A19103F-16F7-4668-BE54-9A1E7A4F7556}") = "InformationService", "..\InformationService\InformationService\InformationService.csproj", "{75D8F5C9-C86F-49CF-81C1-E5320F7F380D}"
EndProject
Project("{9A19103F-16F7-4668-BE54-9A1E7A4F7556}") = "TrainingNotificationWorker", "..\TrainingNotificationWorker\TrainingNotificationWorker.csproj", "{D028E0B0-68E2-480A-B58F-684498F72EB9}"
EndProject
Global
	GlobalSection(SolutionConfigurationPlatforms) = preSolution
		Debug|Any CPU = Debug|Any CPU
		Release|Any CPU = Release|Any CPU
	EndGlobalSection
	GlobalSection(ProjectConfigurationPlatforms) = postSolution
		{71C0D20A-5D2E-48C7-9A36-163BC76E3AB2}.Debug|Any CPU.ActiveCfg = Debug|Any CPU
		{71C0D20A-5D2E-48C7-9A36-163BC76E3AB2}.Debug|Any CPU.Build.0 = Debug|Any CPU
		{71C0D20A-5D2E-48C7-9A36-163BC76E3AB2}.Release|Any CPU.ActiveCfg = Release|Any CPU
		{71C0D20A-5D2E-48C7-9A36-163BC76E3AB2}.Release|Any CPU.Build.0 = Release|Any CPU
		{DACB6676-8223-4C7C-BF38-C49B51139F8F}.Debug|Any CPU.ActiveCfg = Debug|Any CPU
		{DACB6676-8223-4C7C-BF38-C49B51139F8F}.Debug|Any CPU.Build.0 = Debug|Any CPU
		{DACB6676-8223-4C7C-BF38-C49B51139F8F}.Release|Any CPU.ActiveCfg = Release|Any CPU
		{DACB6676-8223-4C7C-BF38-C49B51139F8F}.Release|Any CPU.Build.0 = Release|Any CPU
		{75D8F5C9-C86F-49CF-81C1-E5320F7F380D}.Debug|Any CPU.ActiveCfg = Debug|Any CPU
		{75D8F5C9-C86F-49CF-81C1-E5320F7F380D}.Debug|Any CPU.Build.0 = Debug|Any CPU
		{75D8F5C9-C86F-49CF-81C1-E5320F7F380D}.Release|Any CPU.ActiveCfg = Release|Any CPU
		{75D8F5C9-C86F-49CF-81C1-E5320F7F380D}.Release|Any CPU.Build.0 = Release|Any CPU
		{D028E0B0-68E2-480A-B58F-684498F72EB9}.Debug|Any CPU.ActiveCfg = Debug|Any CPU
		{D028E0B0-68E2-480A-B58F-684498F72EB9}.Debug|Any CPU.Build.0 = Debug|Any CPU
		{D028E0B0-68E2-480A-B58F-684498F72EB9}.Release|Any CPU.ActiveCfg = Release|Any CPU
		{D028E0B0-68E2-480A-B58F-684498F72EB9}.Release|Any CPU.Build.0 = Release|Any CPU
	EndGlobalSection
	GlobalSection(SolutionProperties) = preSolution
		HideSolutionNode = FALSE
	EndGlobalSection
	GlobalSection(ExtensibilityGlobals) = postSolution
		SolutionGuid = {F0183DA8-C6F2-4227-BBFB-4730B8BA180F}
	EndGlobalSection
EndGlobal
