
Microsoft Visual Studio Solution File, Format Version 12.00
# Visual Studio Version 16
VisualStudioVersion = 16.0.29123.88
MinimumVisualStudioVersion = 10.0.40219.1
Project("{9A19103F-16F7-4668-BE54-9A1E7A4F7556}") = "CoachesFunctons", "CoachesFunctons\CoachesFunctons.csproj", "{736017F6-EC2E-4D5A-B3C7-6D9B668A9761}"
EndProject
Project("{9A19103F-16F7-4668-BE54-9A1E7A4F7556}") = "InformationService", "..\InformationService\InformationService\InformationService.csproj", "{D5922C50-45B5-4798-993E-FF5EF6304EAC}"
EndProject
Project("{9A19103F-16F7-4668-BE54-9A1E7A4F7556}") = "NotificationService", "..\NotificationService\NotificationService\NotificationService.csproj", "{CE2AE14E-45EE-4CCD-BA0B-E4B5A37B79EA}"
EndProject
Project("{9A19103F-16F7-4668-BE54-9A1E7A4F7556}") = "TrainingNotificationWorker", "..\TrainingNotificationWorker\TrainingNotificationWorker.csproj", "{F6FF03E3-81D5-4F96-BF31-4526BF6ABBD9}"
EndProject
Project("{9A19103F-16F7-4668-BE54-9A1E7A4F7556}") = "InterfaceModels", "..\InterfaceModels\InterfaceModels.csproj", "{42BF21EE-3648-4351-BC30-C4EB3B20C0D4}"
EndProject
Project("{9A19103F-16F7-4668-BE54-9A1E7A4F7556}") = "TrainingNotificationWorkerTest", "TrainingNotificationWorkerTest\TrainingNotificationWorkerTest.csproj", "{07592BF9-B12E-4E07-B99F-584BDC4D41AE}"
EndProject
Project("{9A19103F-16F7-4668-BE54-9A1E7A4F7556}") = "TrainingManagingWorker", "TrainingManagingWorker\TrainingManagingWorker.csproj", "{7F352EF2-E259-45C5-A6F7-790A48EA32F1}"
EndProject
Project("{9A19103F-16F7-4668-BE54-9A1E7A4F7556}") = "TrainingManagingWorkerTest", "TrainingManagingWorkerTest\TrainingManagingWorkerTest.csproj", "{F3344429-1A42-4383-A4C0-4B232804D7D0}"
EndProject
Global
	GlobalSection(SolutionConfigurationPlatforms) = preSolution
		Debug|Any CPU = Debug|Any CPU
		Release|Any CPU = Release|Any CPU
	EndGlobalSection
	GlobalSection(ProjectConfigurationPlatforms) = postSolution
		{736017F6-EC2E-4D5A-B3C7-6D9B668A9761}.Debug|Any CPU.ActiveCfg = Debug|Any CPU
		{736017F6-EC2E-4D5A-B3C7-6D9B668A9761}.Debug|Any CPU.Build.0 = Debug|Any CPU
		{736017F6-EC2E-4D5A-B3C7-6D9B668A9761}.Release|Any CPU.ActiveCfg = Release|Any CPU
		{736017F6-EC2E-4D5A-B3C7-6D9B668A9761}.Release|Any CPU.Build.0 = Release|Any CPU
		{D5922C50-45B5-4798-993E-FF5EF6304EAC}.Debug|Any CPU.ActiveCfg = Debug|Any CPU
		{D5922C50-45B5-4798-993E-FF5EF6304EAC}.Debug|Any CPU.Build.0 = Debug|Any CPU
		{D5922C50-45B5-4798-993E-FF5EF6304EAC}.Release|Any CPU.ActiveCfg = Release|Any CPU
		{D5922C50-45B5-4798-993E-FF5EF6304EAC}.Release|Any CPU.Build.0 = Release|Any CPU
		{CE2AE14E-45EE-4CCD-BA0B-E4B5A37B79EA}.Debug|Any CPU.ActiveCfg = Debug|Any CPU
		{CE2AE14E-45EE-4CCD-BA0B-E4B5A37B79EA}.Debug|Any CPU.Build.0 = Debug|Any CPU
		{CE2AE14E-45EE-4CCD-BA0B-E4B5A37B79EA}.Release|Any CPU.ActiveCfg = Release|Any CPU
		{CE2AE14E-45EE-4CCD-BA0B-E4B5A37B79EA}.Release|Any CPU.Build.0 = Release|Any CPU
		{F6FF03E3-81D5-4F96-BF31-4526BF6ABBD9}.Debug|Any CPU.ActiveCfg = Debug|Any CPU
		{F6FF03E3-81D5-4F96-BF31-4526BF6ABBD9}.Debug|Any CPU.Build.0 = Debug|Any CPU
		{F6FF03E3-81D5-4F96-BF31-4526BF6ABBD9}.Release|Any CPU.ActiveCfg = Release|Any CPU
		{F6FF03E3-81D5-4F96-BF31-4526BF6ABBD9}.Release|Any CPU.Build.0 = Release|Any CPU
		{42BF21EE-3648-4351-BC30-C4EB3B20C0D4}.Debug|Any CPU.ActiveCfg = Debug|Any CPU
		{42BF21EE-3648-4351-BC30-C4EB3B20C0D4}.Debug|Any CPU.Build.0 = Debug|Any CPU
		{42BF21EE-3648-4351-BC30-C4EB3B20C0D4}.Release|Any CPU.ActiveCfg = Release|Any CPU
		{42BF21EE-3648-4351-BC30-C4EB3B20C0D4}.Release|Any CPU.Build.0 = Release|Any CPU
		{07592BF9-B12E-4E07-B99F-584BDC4D41AE}.Debug|Any CPU.ActiveCfg = Debug|Any CPU
		{07592BF9-B12E-4E07-B99F-584BDC4D41AE}.Debug|Any CPU.Build.0 = Debug|Any CPU
		{07592BF9-B12E-4E07-B99F-584BDC4D41AE}.Release|Any CPU.ActiveCfg = Release|Any CPU
		{07592BF9-B12E-4E07-B99F-584BDC4D41AE}.Release|Any CPU.Build.0 = Release|Any CPU
		{7F352EF2-E259-45C5-A6F7-790A48EA32F1}.Debug|Any CPU.ActiveCfg = Debug|Any CPU
		{7F352EF2-E259-45C5-A6F7-790A48EA32F1}.Debug|Any CPU.Build.0 = Debug|Any CPU
		{7F352EF2-E259-45C5-A6F7-790A48EA32F1}.Release|Any CPU.ActiveCfg = Release|Any CPU
		{7F352EF2-E259-45C5-A6F7-790A48EA32F1}.Release|Any CPU.Build.0 = Release|Any CPU
		{F3344429-1A42-4383-A4C0-4B232804D7D0}.Debug|Any CPU.ActiveCfg = Debug|Any CPU
		{F3344429-1A42-4383-A4C0-4B232804D7D0}.Debug|Any CPU.Build.0 = Debug|Any CPU
		{F3344429-1A42-4383-A4C0-4B232804D7D0}.Release|Any CPU.ActiveCfg = Release|Any CPU
		{F3344429-1A42-4383-A4C0-4B232804D7D0}.Release|Any CPU.Build.0 = Release|Any CPU
	EndGlobalSection
	GlobalSection(SolutionProperties) = preSolution
		HideSolutionNode = FALSE
	EndGlobalSection
	GlobalSection(ExtensibilityGlobals) = postSolution
		SolutionGuid = {764903DA-E405-4043-9BC3-F1484B24D66E}
	EndGlobalSection
EndGlobal
