
Microsoft Visual Studio Solution File, Format Version 12.00
# Visual Studio 15
VisualStudioVersion = 15.0.28307.421
MinimumVisualStudioVersion = 10.0.40219.1
Project("{FAE04EC0-301F-11D3-BF4B-00C04F79EFBC}") = "CoachesFunctons", "CoachesFunctons\CoachesFunctons.csproj", "{736017F6-EC2E-4D5A-B3C7-6D9B668A9761}"
EndProject
Project("{9A19103F-16F7-4668-BE54-9A1E7A4F7556}") = "InformationService", "..\InformationService\InformationService\InformationService.csproj", "{D5922C50-45B5-4798-993E-FF5EF6304EAC}"
EndProject
Project("{9A19103F-16F7-4668-BE54-9A1E7A4F7556}") = "NotificationService", "..\NotificationService\NotificationService\NotificationService.csproj", "{CE2AE14E-45EE-4CCD-BA0B-E4B5A37B79EA}"
EndProject
Project("{FAE04EC0-301F-11D3-BF4B-00C04F79EFBC}") = "CoreModels", "CoreModels\CoreModels.csproj", "{55B0B6D5-AD3F-4F50-9029-1CDABDF698C0}"
EndProject
Global
	GlobalSection(SolutionConfigurationPlatforms) = preSolution
		Debug|Any CPU = Debug|Any CPU
		Release|Any CPU = Release|Any CPU
	EndGlobalSection
	GlobalSection(ProjectConfigurationPlatforms) = postSolution
		{736017F6-EC2E-4D5A-B3C7-6D9B668A9761}.Debug|Any CPU.ActiveCfg = Debug|Any CPU
		{736017F6-EC2E-4D5A-B3C7-6D9B668A9761}.Debug|Any CPU.Build.0 = Debug|Any CPU
		{736017F6-EC2E-4D5A-B3C7-6D9B668A9761}.Release|Any CPU.ActiveCfg = Release|Any CPU
		{736017F6-EC2E-4D5A-B3C7-6D9B668A9761}.Release|Any CPU.Build.0 = Release|Any CPU
		{D5922C50-45B5-4798-993E-FF5EF6304EAC}.Debug|Any CPU.ActiveCfg = Debug|Any CPU
		{D5922C50-45B5-4798-993E-FF5EF6304EAC}.Debug|Any CPU.Build.0 = Debug|Any CPU
		{D5922C50-45B5-4798-993E-FF5EF6304EAC}.Release|Any CPU.ActiveCfg = Release|Any CPU
		{D5922C50-45B5-4798-993E-FF5EF6304EAC}.Release|Any CPU.Build.0 = Release|Any CPU
		{CE2AE14E-45EE-4CCD-BA0B-E4B5A37B79EA}.Debug|Any CPU.ActiveCfg = Debug|Any CPU
		{CE2AE14E-45EE-4CCD-BA0B-E4B5A37B79EA}.Debug|Any CPU.Build.0 = Debug|Any CPU
		{CE2AE14E-45EE-4CCD-BA0B-E4B5A37B79EA}.Release|Any CPU.ActiveCfg = Release|Any CPU
		{CE2AE14E-45EE-4CCD-BA0B-E4B5A37B79EA}.Release|Any CPU.Build.0 = Release|Any CPU
		{55B0B6D5-AD3F-4F50-9029-1CDABDF698C0}.Debug|Any CPU.ActiveCfg = Debug|Any CPU
		{55B0B6D5-AD3F-4F50-9029-1CDABDF698C0}.Debug|Any CPU.Build.0 = Debug|Any CPU
		{55B0B6D5-AD3F-4F50-9029-1CDABDF698C0}.Release|Any CPU.ActiveCfg = Release|Any CPU
		{55B0B6D5-AD3F-4F50-9029-1CDABDF698C0}.Release|Any CPU.Build.0 = Release|Any CPU
	EndGlobalSection
	GlobalSection(SolutionProperties) = preSolution
		HideSolutionNode = FALSE
	EndGlobalSection
	GlobalSection(ExtensibilityGlobals) = postSolution
		SolutionGuid = {764903DA-E405-4043-9BC3-F1484B24D66E}
	EndGlobalSection
EndGlobal
